
Microsoft Visual Studio Solution File, Format Version 12.00
# Visual Studio 2013
VisualStudioVersion = 12.0.21005.1
MinimumVisualStudioVersion = 10.0.40219.1
Project("{FAE04EC0-301F-11D3-BF4B-00C04F79EFBC}") = "SumArrayServer", "SumArrayServer\SumArrayServer.csproj", "{6E4C05BC-7217-482D-B3D1-B5BD2EAFA1E7}"
EndProject
Project("{FAE04EC0-301F-11D3-BF4B-00C04F79EFBC}") = "SumArrayClient", "SumArrayClient\SumArrayClient.csproj", "{E55A268A-A43D-417C-A197-CEF95D8A4916}"
EndProject
Project("{FAE04EC0-301F-11D3-BF4B-00C04F79EFBC}") = "LoginServer", "LoginServer\LoginServer.csproj", "{A6594F4D-F3DB-4196-A8D6-00C09C480E77}"
EndProject
Project("{FAE04EC0-301F-11D3-BF4B-00C04F79EFBC}") = "LoginClient", "LoginClient\LoginClient.csproj", "{025877C5-80AE-4CC7-8242-4F3CE152F5E6}"
EndProject
Global
	GlobalSection(SolutionConfigurationPlatforms) = preSolution
		Debug|Any CPU = Debug|Any CPU
		Release|Any CPU = Release|Any CPU
	EndGlobalSection
	GlobalSection(ProjectConfigurationPlatforms) = postSolution
		{6E4C05BC-7217-482D-B3D1-B5BD2EAFA1E7}.Debug|Any CPU.ActiveCfg = Debug|Any CPU
		{6E4C05BC-7217-482D-B3D1-B5BD2EAFA1E7}.Debug|Any CPU.Build.0 = Debug|Any CPU
		{6E4C05BC-7217-482D-B3D1-B5BD2EAFA1E7}.Release|Any CPU.ActiveCfg = Release|Any CPU
		{6E4C05BC-7217-482D-B3D1-B5BD2EAFA1E7}.Release|Any CPU.Build.0 = Release|Any CPU
		{E55A268A-A43D-417C-A197-CEF95D8A4916}.Debug|Any CPU.ActiveCfg = Debug|Any CPU
		{E55A268A-A43D-417C-A197-CEF95D8A4916}.Debug|Any CPU.Build.0 = Debug|Any CPU
		{E55A268A-A43D-417C-A197-CEF95D8A4916}.Release|Any CPU.ActiveCfg = Release|Any CPU
		{E55A268A-A43D-417C-A197-CEF95D8A4916}.Release|Any CPU.Build.0 = Release|Any CPU
		{A6594F4D-F3DB-4196-A8D6-00C09C480E77}.Debug|Any CPU.ActiveCfg = Debug|Any CPU
		{A6594F4D-F3DB-4196-A8D6-00C09C480E77}.Debug|Any CPU.Build.0 = Debug|Any CPU
		{A6594F4D-F3DB-4196-A8D6-00C09C480E77}.Release|Any CPU.ActiveCfg = Release|Any CPU
		{A6594F4D-F3DB-4196-A8D6-00C09C480E77}.Release|Any CPU.Build.0 = Release|Any CPU
		{025877C5-80AE-4CC7-8242-4F3CE152F5E6}.Debug|Any CPU.ActiveCfg = Debug|Any CPU
		{025877C5-80AE-4CC7-8242-4F3CE152F5E6}.Debug|Any CPU.Build.0 = Debug|Any CPU
		{025877C5-80AE-4CC7-8242-4F3CE152F5E6}.Release|Any CPU.ActiveCfg = Release|Any CPU
		{025877C5-80AE-4CC7-8242-4F3CE152F5E6}.Release|Any CPU.Build.0 = Release|Any CPU
	EndGlobalSection
	GlobalSection(SolutionProperties) = preSolution
		HideSolutionNode = FALSE
	EndGlobalSection
EndGlobal
